
Microsoft Visual Studio Solution File, Format Version 12.00
# Visual Studio 15
VisualStudioVersion = 15.0.28010.2041
MinimumVisualStudioVersion = 10.0.40219.1
Project("{FAE04EC0-301F-11D3-BF4B-00C04F79EFBC}") = "BitsHW3", "BitsHW3\BitsHW3.csproj", "{6083A7A4-222D-41A1-85E4-253BF06928FC}"
EndProject
Global
	GlobalSection(SolutionConfigurationPlatforms) = preSolution
		Debug|Any CPU = Debug|Any CPU
		Release|Any CPU = Release|Any CPU
	EndGlobalSection
	GlobalSection(ProjectConfigurationPlatforms) = postSolution
		{6083A7A4-222D-41A1-85E4-253BF06928FC}.Debug|Any CPU.ActiveCfg = Debug|Any CPU
		{6083A7A4-222D-41A1-85E4-253BF06928FC}.Debug|Any CPU.Build.0 = Debug|Any CPU
		{6083A7A4-222D-41A1-85E4-253BF06928FC}.Release|Any CPU.ActiveCfg = Release|Any CPU
		{6083A7A4-222D-41A1-85E4-253BF06928FC}.Release|Any CPU.Build.0 = Release|Any CPU
	EndGlobalSection
	GlobalSection(SolutionProperties) = preSolution
		HideSolutionNode = FALSE
	EndGlobalSection
	GlobalSection(ExtensibilityGlobals) = postSolution
		SolutionGuid = {75442811-C869-4A79-ACE3-216EF61C93FC}
	EndGlobalSection
EndGlobal
